
Microsoft Visual Studio Solution File, Format Version 12.00
# Visual Studio Version 17
VisualStudioVersion = 17.13.35825.156
MinimumVisualStudioVersion = 10.0.40219.1
Project("{8BC9CEB8-8B4A-11D0-8D11-00A0C91BC942}") = "ШАГC++ДЗ1", "ШАГC++ДЗ1\ШАГC++ДЗ1.vcxproj", "{B45549CF-765F-45A1-9F33-17A6F586CA3B}"
EndProject
Project("{8BC9CEB8-8B4A-11D0-8D11-00A0C91BC942}") = "ДЗ2", "ДЗ2\ДЗ2.vcxproj", "{9633CF47-9E35-4C16-99BF-FB627C1FDB24}"
EndProject
Project("{8BC9CEB8-8B4A-11D0-8D11-00A0C91BC942}") = "ДЗ1", "ДЗ1\ДЗ1.vcxproj", "{A4B85659-025D-4C6D-BDC3-C95BB6FC7248}"
EndProject
Project("{8BC9CEB8-8B4A-11D0-8D11-00A0C91BC942}") = "ДЗ3", "ДЗ3\ДЗ3.vcxproj", "{9763FFAA-D0A7-4300-8B2E-702F88AEC581}"
EndProject
Project("{8BC9CEB8-8B4A-11D0-8D11-00A0C91BC942}") = "ДЗ4", "ДЗ4\ДЗ4.vcxproj", "{6BB59CF6-16AD-4AE6-9EC2-55675B1C85FE}"
EndProject
Project("{8BC9CEB8-8B4A-11D0-8D11-00A0C91BC942}") = "ДЗфункції", "ДЗфункції\ДЗфункції.vcxproj", "{137FEE12-5906-482E-A262-15D69A3653ED}"
EndProject
Project("{8BC9CEB8-8B4A-11D0-8D11-00A0C91BC942}") = "ДЗ_алгоритми", "ДЗ_алгоритми\ДЗ_алгоритми.vcxproj", "{8B9F2657-B18B-4AAC-AE62-0DA1500116DE}"
EndProject
Project("{8BC9CEB8-8B4A-11D0-8D11-00A0C91BC942}") = "ДЗ_Вказівники", "ДЗ_Вказівники\ДЗ_Вказівники.vcxproj", "{EE2EDE08-D820-42F2-A2D4-D1C524C849D2}"
EndProject
Project("{8BC9CEB8-8B4A-11D0-8D11-00A0C91BC942}") = "ДЗ_pointers", "ДЗ_pointers\ДЗ_pointers.vcxproj", "{81C39816-E36F-4BDF-9BDD-91756FB54A88}"
EndProject
Project("{8BC9CEB8-8B4A-11D0-8D11-00A0C91BC942}") = "ДЗ_динамічна_пам'ять", "ДЗ_динамічна_пам'ять\ДЗ_динамічна_пам'ять.vcxproj", "{AAE49D7A-99F8-4E2D-BAE5-9B07EC4AD98A}"
EndProject
Project("{8BC9CEB8-8B4A-11D0-8D11-00A0C91BC942}") = "Динамічні_одновимірні_масиви", "Динамічні_одновимірні_масиви\Динамічні_одновимірні_масиви.vcxproj", "{075FDBE3-330B-4FEB-9F0F-6E1EAD460F64}"
EndProject
Project("{8BC9CEB8-8B4A-11D0-8D11-00A0C91BC942}") = "ДЗ_Дигамічні_двовимірні_масиви", "ДЗ_Дигамічні_двовимірні_масиви\ДЗ_Дигамічні_двовимірні_масиви.vcxproj", "{663BDBC0-B4E0-4BC1-A237-B712529990FC}"
EndProject
Project("{8BC9CEB8-8B4A-11D0-8D11-00A0C91BC942}") = "ПР_cstring", "ПР_cstring\ПР_cstring.vcxproj", "{C3D5801A-E632-4228-AA62-FDC91804ADDE}"
EndProject
Project("{8BC9CEB8-8B4A-11D0-8D11-00A0C91BC942}") = "ПР_Бібліотека_структури", "ПР_Бібліотека_структури\ПР_Бібліотека_структури.vcxproj", "{543591F0-631F-43FD-9223-65B6E6E11D91}"
EndProject
Project("{8BC9CEB8-8B4A-11D0-8D11-00A0C91BC942}") = "ДЗ_структури", "ДЗ_структури\ДЗ_структури.vcxproj", "{5AABFF42-1201-478D-9A6E-D58A7989676D}"
EndProject
Project("{8BC9CEB8-8B4A-11D0-8D11-00A0C91BC942}") = "ДЗ_структури_машина", "ДЗ_структури_машина\ДЗ_структури_машина.vcxproj", "{155E7FC9-D1CB-420F-983F-15D74CA078C9}"
EndProject
Project("{8BC9CEB8-8B4A-11D0-8D11-00A0C91BC942}") = "ДЗ_бібліотека_файли", "ДЗ_бібліотека_файли\ДЗ_бібліотека_файли.vcxproj", "{D654DEAA-01AC-478D-81B8-1A4DEAC0AC8F}"
EndProject
Project("{8BC9CEB8-8B4A-11D0-8D11-00A0C91BC942}") = "ПР_ООП_точка", "ПР_ООП_точка\ПР_ООП_точка.vcxproj", "{7C536B6B-4FDB-4DB8-A1BC-16C53C9BF257}"
EndProject
Project("{8BC9CEB8-8B4A-11D0-8D11-00A0C91BC942}") = "ПР_ООП", "ПР_ООП\ПР_ООП.vcxproj", "{6583890B-35F3-4C02-B7E5-7B4B9A1EADAE}"
EndProject
Project("{8BC9CEB8-8B4A-11D0-8D11-00A0C91BC942}") = "ДЗ_Copy_Constructor", "ДЗ_Copy_Constructor\ДЗ_Copy_Constructor.vcxproj", "{10801AA3-18B6-44AC-9BA2-78C657CFDF8B}"
EndProject
Project("{8BC9CEB8-8B4A-11D0-8D11-00A0C91BC942}") = "ДЗ_Time", "ДЗ_Time\ДЗ_Time.vcxproj", "{A5DE9B7C-B796-4384-91B9-64351B0728A9}"
EndProject
Project("{8BC9CEB8-8B4A-11D0-8D11-00A0C91BC942}") = "ДЗ_Abonent", "ДЗ_Abonent\ДЗ_Abonent.vcxproj", "{FD7CF687-6F6E-4593-8B6C-4E3005594747}"
EndProject
Project("{8BC9CEB8-8B4A-11D0-8D11-00A0C91BC942}") = "ДЗ_Arrays", "ДЗ_Arrays\ДЗ_Arrays.vcxproj", "{BA1CF063-2C1F-48DC-B101-EE5349648E40}"
EndProject
Project("{8BC9CEB8-8B4A-11D0-8D11-00A0C91BC942}") = "ПР_Airplanes", "ПР_Airplanes\ПР_Airplanes.vcxproj", "{8070CB7A-08F9-451D-BB0A-3EBE4F02432F}"
EndProject
Project("{8BC9CEB8-8B4A-11D0-8D11-00A0C91BC942}") = "ПР_Point", "ПР_Point\ПР_Point.vcxproj", "{606DF38B-9053-4322-B389-F482EDA8C2BF}"
EndProject
Project("{8BC9CEB8-8B4A-11D0-8D11-00A0C91BC942}") = "ПР_Initializer,TemplateClass", "ПР_Initializer,TemplateClass\ПР_Initializer,TemplateClass.vcxproj", "{0A072D4D-E5E1-405B-B1C4-AB5E474ABA98}"
EndProject
Project("{8BC9CEB8-8B4A-11D0-8D11-00A0C91BC942}") = "ПР_Stack", "ПР_Stack\ПР_Stack.vcxproj", "{DA27B6C1-B761-4F82-B2C1-AD6562D85B4D}"
EndProject
Project("{8BC9CEB8-8B4A-11D0-8D11-00A0C91BC942}") = "ПР_SingleLinkedList", "ПР_SingleLinkedList\ПР_SingleLinkedList.vcxproj", "{14023894-1224-4690-9940-CCFBBCA5175B}"
EndProject
Project("{8BC9CEB8-8B4A-11D0-8D11-00A0C91BC942}") = "ДЗ_DoubleLinkedList", "ДЗ_DoubleLinkedList\ДЗ_DoubleLinkedList.vcxproj", "{86B2CD17-92DA-4DA8-B7D3-913A9645A073}"
EndProject
Project("{8BC9CEB8-8B4A-11D0-8D11-00A0C91BC942}") = "ДЗ_Queue", "ДЗ_Queue\ДЗ_Queue.vcxproj", "{CEA03B1E-0342-4FCF-9A93-BF4CC2E8B1FD}"
EndProject
Project("{8BC9CEB8-8B4A-11D0-8D11-00A0C91BC942}") = "ПР_StudentAspirant", "ПР_StudentAspirant\ПР_StudentAspirant.vcxproj", "{C5438476-D3C8-4880-8129-915EB7FB79BF}"
EndProject
Project("{8BC9CEB8-8B4A-11D0-8D11-00A0C91BC942}") = "ПР_Passport_ForeignPassport", "ПР_Passport_ForeignPassport\ПР_Passport_ForeignPassport.vcxproj", "{84038064-429A-4D33-8F82-EFC0A6B4E989}"
EndProject
Project("{8BC9CEB8-8B4A-11D0-8D11-00A0C91BC942}") = "ДЗ_Animal", "ДЗ_Animal\ДЗ_Animal.vcxproj", "{D18EE24D-34F6-48ED-8A5B-26431370E588}"
EndProject
Project("{8BC9CEB8-8B4A-11D0-8D11-00A0C91BC942}") = "ПР_Shape", "ПР_Shape\ПР_Shape.vcxproj", "{74C9B836-D7CA-47D6-8B98-CBCE0ED71EF4}"
EndProject
Global
	GlobalSection(SolutionConfigurationPlatforms) = preSolution
		Debug|x64 = Debug|x64
		Debug|x86 = Debug|x86
		Release|x64 = Release|x64
		Release|x86 = Release|x86
	EndGlobalSection
	GlobalSection(ProjectConfigurationPlatforms) = postSolution
		{B45549CF-765F-45A1-9F33-17A6F586CA3B}.Debug|x64.ActiveCfg = Debug|x64
		{B45549CF-765F-45A1-9F33-17A6F586CA3B}.Debug|x64.Build.0 = Debug|x64
		{B45549CF-765F-45A1-9F33-17A6F586CA3B}.Debug|x86.ActiveCfg = Debug|Win32
		{B45549CF-765F-45A1-9F33-17A6F586CA3B}.Debug|x86.Build.0 = Debug|Win32
		{B45549CF-765F-45A1-9F33-17A6F586CA3B}.Release|x64.ActiveCfg = Release|x64
		{B45549CF-765F-45A1-9F33-17A6F586CA3B}.Release|x64.Build.0 = Release|x64
		{B45549CF-765F-45A1-9F33-17A6F586CA3B}.Release|x86.ActiveCfg = Release|Win32
		{B45549CF-765F-45A1-9F33-17A6F586CA3B}.Release|x86.Build.0 = Release|Win32
		{9633CF47-9E35-4C16-99BF-FB627C1FDB24}.Debug|x64.ActiveCfg = Debug|x64
		{9633CF47-9E35-4C16-99BF-FB627C1FDB24}.Debug|x64.Build.0 = Debug|x64
		{9633CF47-9E35-4C16-99BF-FB627C1FDB24}.Debug|x86.ActiveCfg = Debug|Win32
		{9633CF47-9E35-4C16-99BF-FB627C1FDB24}.Debug|x86.Build.0 = Debug|Win32
		{9633CF47-9E35-4C16-99BF-FB627C1FDB24}.Release|x64.ActiveCfg = Release|x64
		{9633CF47-9E35-4C16-99BF-FB627C1FDB24}.Release|x64.Build.0 = Release|x64
		{9633CF47-9E35-4C16-99BF-FB627C1FDB24}.Release|x86.ActiveCfg = Release|Win32
		{9633CF47-9E35-4C16-99BF-FB627C1FDB24}.Release|x86.Build.0 = Release|Win32
		{A4B85659-025D-4C6D-BDC3-C95BB6FC7248}.Debug|x64.ActiveCfg = Debug|x64
		{A4B85659-025D-4C6D-BDC3-C95BB6FC7248}.Debug|x64.Build.0 = Debug|x64
		{A4B85659-025D-4C6D-BDC3-C95BB6FC7248}.Debug|x86.ActiveCfg = Debug|Win32
		{A4B85659-025D-4C6D-BDC3-C95BB6FC7248}.Debug|x86.Build.0 = Debug|Win32
		{A4B85659-025D-4C6D-BDC3-C95BB6FC7248}.Release|x64.ActiveCfg = Release|x64
		{A4B85659-025D-4C6D-BDC3-C95BB6FC7248}.Release|x64.Build.0 = Release|x64
		{A4B85659-025D-4C6D-BDC3-C95BB6FC7248}.Release|x86.ActiveCfg = Release|Win32
		{A4B85659-025D-4C6D-BDC3-C95BB6FC7248}.Release|x86.Build.0 = Release|Win32
		{9763FFAA-D0A7-4300-8B2E-702F88AEC581}.Debug|x64.ActiveCfg = Debug|x64
		{9763FFAA-D0A7-4300-8B2E-702F88AEC581}.Debug|x64.Build.0 = Debug|x64
		{9763FFAA-D0A7-4300-8B2E-702F88AEC581}.Debug|x86.ActiveCfg = Debug|Win32
		{9763FFAA-D0A7-4300-8B2E-702F88AEC581}.Debug|x86.Build.0 = Debug|Win32
		{9763FFAA-D0A7-4300-8B2E-702F88AEC581}.Release|x64.ActiveCfg = Release|x64
		{9763FFAA-D0A7-4300-8B2E-702F88AEC581}.Release|x64.Build.0 = Release|x64
		{9763FFAA-D0A7-4300-8B2E-702F88AEC581}.Release|x86.ActiveCfg = Release|Win32
		{9763FFAA-D0A7-4300-8B2E-702F88AEC581}.Release|x86.Build.0 = Release|Win32
		{6BB59CF6-16AD-4AE6-9EC2-55675B1C85FE}.Debug|x64.ActiveCfg = Debug|x64
		{6BB59CF6-16AD-4AE6-9EC2-55675B1C85FE}.Debug|x64.Build.0 = Debug|x64
		{6BB59CF6-16AD-4AE6-9EC2-55675B1C85FE}.Debug|x86.ActiveCfg = Debug|Win32
		{6BB59CF6-16AD-4AE6-9EC2-55675B1C85FE}.Debug|x86.Build.0 = Debug|Win32
		{6BB59CF6-16AD-4AE6-9EC2-55675B1C85FE}.Release|x64.ActiveCfg = Release|x64
		{6BB59CF6-16AD-4AE6-9EC2-55675B1C85FE}.Release|x64.Build.0 = Release|x64
		{6BB59CF6-16AD-4AE6-9EC2-55675B1C85FE}.Release|x86.ActiveCfg = Release|Win32
		{6BB59CF6-16AD-4AE6-9EC2-55675B1C85FE}.Release|x86.Build.0 = Release|Win32
		{137FEE12-5906-482E-A262-15D69A3653ED}.Debug|x64.ActiveCfg = Debug|x64
		{137FEE12-5906-482E-A262-15D69A3653ED}.Debug|x64.Build.0 = Debug|x64
		{137FEE12-5906-482E-A262-15D69A3653ED}.Debug|x86.ActiveCfg = Debug|Win32
		{137FEE12-5906-482E-A262-15D69A3653ED}.Debug|x86.Build.0 = Debug|Win32
		{137FEE12-5906-482E-A262-15D69A3653ED}.Release|x64.ActiveCfg = Release|x64
		{137FEE12-5906-482E-A262-15D69A3653ED}.Release|x64.Build.0 = Release|x64
		{137FEE12-5906-482E-A262-15D69A3653ED}.Release|x86.ActiveCfg = Release|Win32
		{137FEE12-5906-482E-A262-15D69A3653ED}.Release|x86.Build.0 = Release|Win32
		{8B9F2657-B18B-4AAC-AE62-0DA1500116DE}.Debug|x64.ActiveCfg = Debug|x64
		{8B9F2657-B18B-4AAC-AE62-0DA1500116DE}.Debug|x64.Build.0 = Debug|x64
		{8B9F2657-B18B-4AAC-AE62-0DA1500116DE}.Debug|x86.ActiveCfg = Debug|Win32
		{8B9F2657-B18B-4AAC-AE62-0DA1500116DE}.Debug|x86.Build.0 = Debug|Win32
		{8B9F2657-B18B-4AAC-AE62-0DA1500116DE}.Release|x64.ActiveCfg = Release|x64
		{8B9F2657-B18B-4AAC-AE62-0DA1500116DE}.Release|x64.Build.0 = Release|x64
		{8B9F2657-B18B-4AAC-AE62-0DA1500116DE}.Release|x86.ActiveCfg = Release|Win32
		{8B9F2657-B18B-4AAC-AE62-0DA1500116DE}.Release|x86.Build.0 = Release|Win32
		{EE2EDE08-D820-42F2-A2D4-D1C524C849D2}.Debug|x64.ActiveCfg = Debug|x64
		{EE2EDE08-D820-42F2-A2D4-D1C524C849D2}.Debug|x64.Build.0 = Debug|x64
		{EE2EDE08-D820-42F2-A2D4-D1C524C849D2}.Debug|x86.ActiveCfg = Debug|Win32
		{EE2EDE08-D820-42F2-A2D4-D1C524C849D2}.Debug|x86.Build.0 = Debug|Win32
		{EE2EDE08-D820-42F2-A2D4-D1C524C849D2}.Release|x64.ActiveCfg = Release|x64
		{EE2EDE08-D820-42F2-A2D4-D1C524C849D2}.Release|x64.Build.0 = Release|x64
		{EE2EDE08-D820-42F2-A2D4-D1C524C849D2}.Release|x86.ActiveCfg = Release|Win32
		{EE2EDE08-D820-42F2-A2D4-D1C524C849D2}.Release|x86.Build.0 = Release|Win32
		{81C39816-E36F-4BDF-9BDD-91756FB54A88}.Debug|x64.ActiveCfg = Debug|x64
		{81C39816-E36F-4BDF-9BDD-91756FB54A88}.Debug|x64.Build.0 = Debug|x64
		{81C39816-E36F-4BDF-9BDD-91756FB54A88}.Debug|x86.ActiveCfg = Debug|Win32
		{81C39816-E36F-4BDF-9BDD-91756FB54A88}.Debug|x86.Build.0 = Debug|Win32
		{81C39816-E36F-4BDF-9BDD-91756FB54A88}.Release|x64.ActiveCfg = Release|x64
		{81C39816-E36F-4BDF-9BDD-91756FB54A88}.Release|x64.Build.0 = Release|x64
		{81C39816-E36F-4BDF-9BDD-91756FB54A88}.Release|x86.ActiveCfg = Release|Win32
		{81C39816-E36F-4BDF-9BDD-91756FB54A88}.Release|x86.Build.0 = Release|Win32
		{AAE49D7A-99F8-4E2D-BAE5-9B07EC4AD98A}.Debug|x64.ActiveCfg = Debug|x64
		{AAE49D7A-99F8-4E2D-BAE5-9B07EC4AD98A}.Debug|x64.Build.0 = Debug|x64
		{AAE49D7A-99F8-4E2D-BAE5-9B07EC4AD98A}.Debug|x86.ActiveCfg = Debug|Win32
		{AAE49D7A-99F8-4E2D-BAE5-9B07EC4AD98A}.Debug|x86.Build.0 = Debug|Win32
		{AAE49D7A-99F8-4E2D-BAE5-9B07EC4AD98A}.Release|x64.ActiveCfg = Release|x64
		{AAE49D7A-99F8-4E2D-BAE5-9B07EC4AD98A}.Release|x64.Build.0 = Release|x64
		{AAE49D7A-99F8-4E2D-BAE5-9B07EC4AD98A}.Release|x86.ActiveCfg = Release|Win32
		{AAE49D7A-99F8-4E2D-BAE5-9B07EC4AD98A}.Release|x86.Build.0 = Release|Win32
		{075FDBE3-330B-4FEB-9F0F-6E1EAD460F64}.Debug|x64.ActiveCfg = Debug|x64
		{075FDBE3-330B-4FEB-9F0F-6E1EAD460F64}.Debug|x64.Build.0 = Debug|x64
		{075FDBE3-330B-4FEB-9F0F-6E1EAD460F64}.Debug|x86.ActiveCfg = Debug|Win32
		{075FDBE3-330B-4FEB-9F0F-6E1EAD460F64}.Debug|x86.Build.0 = Debug|Win32
		{075FDBE3-330B-4FEB-9F0F-6E1EAD460F64}.Release|x64.ActiveCfg = Release|x64
		{075FDBE3-330B-4FEB-9F0F-6E1EAD460F64}.Release|x64.Build.0 = Release|x64
		{075FDBE3-330B-4FEB-9F0F-6E1EAD460F64}.Release|x86.ActiveCfg = Release|Win32
		{075FDBE3-330B-4FEB-9F0F-6E1EAD460F64}.Release|x86.Build.0 = Release|Win32
		{663BDBC0-B4E0-4BC1-A237-B712529990FC}.Debug|x64.ActiveCfg = Debug|x64
		{663BDBC0-B4E0-4BC1-A237-B712529990FC}.Debug|x64.Build.0 = Debug|x64
		{663BDBC0-B4E0-4BC1-A237-B712529990FC}.Debug|x86.ActiveCfg = Debug|Win32
		{663BDBC0-B4E0-4BC1-A237-B712529990FC}.Debug|x86.Build.0 = Debug|Win32
		{663BDBC0-B4E0-4BC1-A237-B712529990FC}.Release|x64.ActiveCfg = Release|x64
		{663BDBC0-B4E0-4BC1-A237-B712529990FC}.Release|x64.Build.0 = Release|x64
		{663BDBC0-B4E0-4BC1-A237-B712529990FC}.Release|x86.ActiveCfg = Release|Win32
		{663BDBC0-B4E0-4BC1-A237-B712529990FC}.Release|x86.Build.0 = Release|Win32
		{C3D5801A-E632-4228-AA62-FDC91804ADDE}.Debug|x64.ActiveCfg = Debug|x64
		{C3D5801A-E632-4228-AA62-FDC91804ADDE}.Debug|x64.Build.0 = Debug|x64
		{C3D5801A-E632-4228-AA62-FDC91804ADDE}.Debug|x86.ActiveCfg = Debug|Win32
		{C3D5801A-E632-4228-AA62-FDC91804ADDE}.Debug|x86.Build.0 = Debug|Win32
		{C3D5801A-E632-4228-AA62-FDC91804ADDE}.Release|x64.ActiveCfg = Release|x64
		{C3D5801A-E632-4228-AA62-FDC91804ADDE}.Release|x64.Build.0 = Release|x64
		{C3D5801A-E632-4228-AA62-FDC91804ADDE}.Release|x86.ActiveCfg = Release|Win32
		{C3D5801A-E632-4228-AA62-FDC91804ADDE}.Release|x86.Build.0 = Release|Win32
		{543591F0-631F-43FD-9223-65B6E6E11D91}.Debug|x64.ActiveCfg = Debug|x64
		{543591F0-631F-43FD-9223-65B6E6E11D91}.Debug|x64.Build.0 = Debug|x64
		{543591F0-631F-43FD-9223-65B6E6E11D91}.Debug|x86.ActiveCfg = Debug|Win32
		{543591F0-631F-43FD-9223-65B6E6E11D91}.Debug|x86.Build.0 = Debug|Win32
		{543591F0-631F-43FD-9223-65B6E6E11D91}.Release|x64.ActiveCfg = Release|x64
		{543591F0-631F-43FD-9223-65B6E6E11D91}.Release|x64.Build.0 = Release|x64
		{543591F0-631F-43FD-9223-65B6E6E11D91}.Release|x86.ActiveCfg = Release|Win32
		{543591F0-631F-43FD-9223-65B6E6E11D91}.Release|x86.Build.0 = Release|Win32
		{5AABFF42-1201-478D-9A6E-D58A7989676D}.Debug|x64.ActiveCfg = Debug|x64
		{5AABFF42-1201-478D-9A6E-D58A7989676D}.Debug|x64.Build.0 = Debug|x64
		{5AABFF42-1201-478D-9A6E-D58A7989676D}.Debug|x86.ActiveCfg = Debug|Win32
		{5AABFF42-1201-478D-9A6E-D58A7989676D}.Debug|x86.Build.0 = Debug|Win32
		{5AABFF42-1201-478D-9A6E-D58A7989676D}.Release|x64.ActiveCfg = Release|x64
		{5AABFF42-1201-478D-9A6E-D58A7989676D}.Release|x64.Build.0 = Release|x64
		{5AABFF42-1201-478D-9A6E-D58A7989676D}.Release|x86.ActiveCfg = Release|Win32
		{5AABFF42-1201-478D-9A6E-D58A7989676D}.Release|x86.Build.0 = Release|Win32
		{155E7FC9-D1CB-420F-983F-15D74CA078C9}.Debug|x64.ActiveCfg = Debug|x64
		{155E7FC9-D1CB-420F-983F-15D74CA078C9}.Debug|x64.Build.0 = Debug|x64
		{155E7FC9-D1CB-420F-983F-15D74CA078C9}.Debug|x86.ActiveCfg = Debug|Win32
		{155E7FC9-D1CB-420F-983F-15D74CA078C9}.Debug|x86.Build.0 = Debug|Win32
		{155E7FC9-D1CB-420F-983F-15D74CA078C9}.Release|x64.ActiveCfg = Release|x64
		{155E7FC9-D1CB-420F-983F-15D74CA078C9}.Release|x64.Build.0 = Release|x64
		{155E7FC9-D1CB-420F-983F-15D74CA078C9}.Release|x86.ActiveCfg = Release|Win32
		{155E7FC9-D1CB-420F-983F-15D74CA078C9}.Release|x86.Build.0 = Release|Win32
		{D654DEAA-01AC-478D-81B8-1A4DEAC0AC8F}.Debug|x64.ActiveCfg = Debug|x64
		{D654DEAA-01AC-478D-81B8-1A4DEAC0AC8F}.Debug|x64.Build.0 = Debug|x64
		{D654DEAA-01AC-478D-81B8-1A4DEAC0AC8F}.Debug|x86.ActiveCfg = Debug|Win32
		{D654DEAA-01AC-478D-81B8-1A4DEAC0AC8F}.Debug|x86.Build.0 = Debug|Win32
		{D654DEAA-01AC-478D-81B8-1A4DEAC0AC8F}.Release|x64.ActiveCfg = Release|x64
		{D654DEAA-01AC-478D-81B8-1A4DEAC0AC8F}.Release|x64.Build.0 = Release|x64
		{D654DEAA-01AC-478D-81B8-1A4DEAC0AC8F}.Release|x86.ActiveCfg = Release|Win32
		{D654DEAA-01AC-478D-81B8-1A4DEAC0AC8F}.Release|x86.Build.0 = Release|Win32
		{7C536B6B-4FDB-4DB8-A1BC-16C53C9BF257}.Debug|x64.ActiveCfg = Debug|x64
		{7C536B6B-4FDB-4DB8-A1BC-16C53C9BF257}.Debug|x64.Build.0 = Debug|x64
		{7C536B6B-4FDB-4DB8-A1BC-16C53C9BF257}.Debug|x86.ActiveCfg = Debug|Win32
		{7C536B6B-4FDB-4DB8-A1BC-16C53C9BF257}.Debug|x86.Build.0 = Debug|Win32
		{7C536B6B-4FDB-4DB8-A1BC-16C53C9BF257}.Release|x64.ActiveCfg = Release|x64
		{7C536B6B-4FDB-4DB8-A1BC-16C53C9BF257}.Release|x64.Build.0 = Release|x64
		{7C536B6B-4FDB-4DB8-A1BC-16C53C9BF257}.Release|x86.ActiveCfg = Release|Win32
		{7C536B6B-4FDB-4DB8-A1BC-16C53C9BF257}.Release|x86.Build.0 = Release|Win32
		{6583890B-35F3-4C02-B7E5-7B4B9A1EADAE}.Debug|x64.ActiveCfg = Debug|x64
		{6583890B-35F3-4C02-B7E5-7B4B9A1EADAE}.Debug|x64.Build.0 = Debug|x64
		{6583890B-35F3-4C02-B7E5-7B4B9A1EADAE}.Debug|x86.ActiveCfg = Debug|Win32
		{6583890B-35F3-4C02-B7E5-7B4B9A1EADAE}.Debug|x86.Build.0 = Debug|Win32
		{6583890B-35F3-4C02-B7E5-7B4B9A1EADAE}.Release|x64.ActiveCfg = Release|x64
		{6583890B-35F3-4C02-B7E5-7B4B9A1EADAE}.Release|x64.Build.0 = Release|x64
		{6583890B-35F3-4C02-B7E5-7B4B9A1EADAE}.Release|x86.ActiveCfg = Release|Win32
		{6583890B-35F3-4C02-B7E5-7B4B9A1EADAE}.Release|x86.Build.0 = Release|Win32
		{10801AA3-18B6-44AC-9BA2-78C657CFDF8B}.Debug|x64.ActiveCfg = Debug|x64
		{10801AA3-18B6-44AC-9BA2-78C657CFDF8B}.Debug|x64.Build.0 = Debug|x64
		{10801AA3-18B6-44AC-9BA2-78C657CFDF8B}.Debug|x86.ActiveCfg = Debug|Win32
		{10801AA3-18B6-44AC-9BA2-78C657CFDF8B}.Debug|x86.Build.0 = Debug|Win32
		{10801AA3-18B6-44AC-9BA2-78C657CFDF8B}.Release|x64.ActiveCfg = Release|x64
		{10801AA3-18B6-44AC-9BA2-78C657CFDF8B}.Release|x64.Build.0 = Release|x64
		{10801AA3-18B6-44AC-9BA2-78C657CFDF8B}.Release|x86.ActiveCfg = Release|Win32
		{10801AA3-18B6-44AC-9BA2-78C657CFDF8B}.Release|x86.Build.0 = Release|Win32
		{A5DE9B7C-B796-4384-91B9-64351B0728A9}.Debug|x64.ActiveCfg = Debug|x64
		{A5DE9B7C-B796-4384-91B9-64351B0728A9}.Debug|x64.Build.0 = Debug|x64
		{A5DE9B7C-B796-4384-91B9-64351B0728A9}.Debug|x86.ActiveCfg = Debug|Win32
		{A5DE9B7C-B796-4384-91B9-64351B0728A9}.Debug|x86.Build.0 = Debug|Win32
		{A5DE9B7C-B796-4384-91B9-64351B0728A9}.Release|x64.ActiveCfg = Release|x64
		{A5DE9B7C-B796-4384-91B9-64351B0728A9}.Release|x64.Build.0 = Release|x64
		{A5DE9B7C-B796-4384-91B9-64351B0728A9}.Release|x86.ActiveCfg = Release|Win32
		{A5DE9B7C-B796-4384-91B9-64351B0728A9}.Release|x86.Build.0 = Release|Win32
		{FD7CF687-6F6E-4593-8B6C-4E3005594747}.Debug|x64.ActiveCfg = Debug|x64
		{FD7CF687-6F6E-4593-8B6C-4E3005594747}.Debug|x64.Build.0 = Debug|x64
		{FD7CF687-6F6E-4593-8B6C-4E3005594747}.Debug|x86.ActiveCfg = Debug|Win32
		{FD7CF687-6F6E-4593-8B6C-4E3005594747}.Debug|x86.Build.0 = Debug|Win32
		{FD7CF687-6F6E-4593-8B6C-4E3005594747}.Release|x64.ActiveCfg = Release|x64
		{FD7CF687-6F6E-4593-8B6C-4E3005594747}.Release|x64.Build.0 = Release|x64
		{FD7CF687-6F6E-4593-8B6C-4E3005594747}.Release|x86.ActiveCfg = Release|Win32
		{FD7CF687-6F6E-4593-8B6C-4E3005594747}.Release|x86.Build.0 = Release|Win32
		{BA1CF063-2C1F-48DC-B101-EE5349648E40}.Debug|x64.ActiveCfg = Debug|x64
		{BA1CF063-2C1F-48DC-B101-EE5349648E40}.Debug|x64.Build.0 = Debug|x64
		{BA1CF063-2C1F-48DC-B101-EE5349648E40}.Debug|x86.ActiveCfg = Debug|Win32
		{BA1CF063-2C1F-48DC-B101-EE5349648E40}.Debug|x86.Build.0 = Debug|Win32
		{BA1CF063-2C1F-48DC-B101-EE5349648E40}.Release|x64.ActiveCfg = Release|x64
		{BA1CF063-2C1F-48DC-B101-EE5349648E40}.Release|x64.Build.0 = Release|x64
		{BA1CF063-2C1F-48DC-B101-EE5349648E40}.Release|x86.ActiveCfg = Release|Win32
		{BA1CF063-2C1F-48DC-B101-EE5349648E40}.Release|x86.Build.0 = Release|Win32
		{8070CB7A-08F9-451D-BB0A-3EBE4F02432F}.Debug|x64.ActiveCfg = Debug|x64
		{8070CB7A-08F9-451D-BB0A-3EBE4F02432F}.Debug|x64.Build.0 = Debug|x64
		{8070CB7A-08F9-451D-BB0A-3EBE4F02432F}.Debug|x86.ActiveCfg = Debug|Win32
		{8070CB7A-08F9-451D-BB0A-3EBE4F02432F}.Debug|x86.Build.0 = Debug|Win32
		{8070CB7A-08F9-451D-BB0A-3EBE4F02432F}.Release|x64.ActiveCfg = Release|x64
		{8070CB7A-08F9-451D-BB0A-3EBE4F02432F}.Release|x64.Build.0 = Release|x64
		{8070CB7A-08F9-451D-BB0A-3EBE4F02432F}.Release|x86.ActiveCfg = Release|Win32
		{8070CB7A-08F9-451D-BB0A-3EBE4F02432F}.Release|x86.Build.0 = Release|Win32
		{606DF38B-9053-4322-B389-F482EDA8C2BF}.Debug|x64.ActiveCfg = Debug|x64
		{606DF38B-9053-4322-B389-F482EDA8C2BF}.Debug|x64.Build.0 = Debug|x64
		{606DF38B-9053-4322-B389-F482EDA8C2BF}.Debug|x86.ActiveCfg = Debug|Win32
		{606DF38B-9053-4322-B389-F482EDA8C2BF}.Debug|x86.Build.0 = Debug|Win32
		{606DF38B-9053-4322-B389-F482EDA8C2BF}.Release|x64.ActiveCfg = Release|x64
		{606DF38B-9053-4322-B389-F482EDA8C2BF}.Release|x64.Build.0 = Release|x64
		{606DF38B-9053-4322-B389-F482EDA8C2BF}.Release|x86.ActiveCfg = Release|Win32
		{606DF38B-9053-4322-B389-F482EDA8C2BF}.Release|x86.Build.0 = Release|Win32
		{0A072D4D-E5E1-405B-B1C4-AB5E474ABA98}.Debug|x64.ActiveCfg = Debug|x64
		{0A072D4D-E5E1-405B-B1C4-AB5E474ABA98}.Debug|x64.Build.0 = Debug|x64
		{0A072D4D-E5E1-405B-B1C4-AB5E474ABA98}.Debug|x86.ActiveCfg = Debug|Win32
		{0A072D4D-E5E1-405B-B1C4-AB5E474ABA98}.Debug|x86.Build.0 = Debug|Win32
		{0A072D4D-E5E1-405B-B1C4-AB5E474ABA98}.Release|x64.ActiveCfg = Release|x64
		{0A072D4D-E5E1-405B-B1C4-AB5E474ABA98}.Release|x64.Build.0 = Release|x64
		{0A072D4D-E5E1-405B-B1C4-AB5E474ABA98}.Release|x86.ActiveCfg = Release|Win32
		{0A072D4D-E5E1-405B-B1C4-AB5E474ABA98}.Release|x86.Build.0 = Release|Win32
		{DA27B6C1-B761-4F82-B2C1-AD6562D85B4D}.Debug|x64.ActiveCfg = Debug|x64
		{DA27B6C1-B761-4F82-B2C1-AD6562D85B4D}.Debug|x64.Build.0 = Debug|x64
		{DA27B6C1-B761-4F82-B2C1-AD6562D85B4D}.Debug|x86.ActiveCfg = Debug|Win32
		{DA27B6C1-B761-4F82-B2C1-AD6562D85B4D}.Debug|x86.Build.0 = Debug|Win32
		{DA27B6C1-B761-4F82-B2C1-AD6562D85B4D}.Release|x64.ActiveCfg = Release|x64
		{DA27B6C1-B761-4F82-B2C1-AD6562D85B4D}.Release|x64.Build.0 = Release|x64
		{DA27B6C1-B761-4F82-B2C1-AD6562D85B4D}.Release|x86.ActiveCfg = Release|Win32
		{DA27B6C1-B761-4F82-B2C1-AD6562D85B4D}.Release|x86.Build.0 = Release|Win32
		{14023894-1224-4690-9940-CCFBBCA5175B}.Debug|x64.ActiveCfg = Debug|x64
		{14023894-1224-4690-9940-CCFBBCA5175B}.Debug|x64.Build.0 = Debug|x64
		{14023894-1224-4690-9940-CCFBBCA5175B}.Debug|x86.ActiveCfg = Debug|Win32
		{14023894-1224-4690-9940-CCFBBCA5175B}.Debug|x86.Build.0 = Debug|Win32
		{14023894-1224-4690-9940-CCFBBCA5175B}.Release|x64.ActiveCfg = Release|x64
		{14023894-1224-4690-9940-CCFBBCA5175B}.Release|x64.Build.0 = Release|x64
		{14023894-1224-4690-9940-CCFBBCA5175B}.Release|x86.ActiveCfg = Release|Win32
		{14023894-1224-4690-9940-CCFBBCA5175B}.Release|x86.Build.0 = Release|Win32
		{86B2CD17-92DA-4DA8-B7D3-913A9645A073}.Debug|x64.ActiveCfg = Debug|x64
		{86B2CD17-92DA-4DA8-B7D3-913A9645A073}.Debug|x64.Build.0 = Debug|x64
		{86B2CD17-92DA-4DA8-B7D3-913A9645A073}.Debug|x86.ActiveCfg = Debug|Win32
		{86B2CD17-92DA-4DA8-B7D3-913A9645A073}.Debug|x86.Build.0 = Debug|Win32
		{86B2CD17-92DA-4DA8-B7D3-913A9645A073}.Release|x64.ActiveCfg = Release|x64
		{86B2CD17-92DA-4DA8-B7D3-913A9645A073}.Release|x64.Build.0 = Release|x64
		{86B2CD17-92DA-4DA8-B7D3-913A9645A073}.Release|x86.ActiveCfg = Release|Win32
		{86B2CD17-92DA-4DA8-B7D3-913A9645A073}.Release|x86.Build.0 = Release|Win32
		{CEA03B1E-0342-4FCF-9A93-BF4CC2E8B1FD}.Debug|x64.ActiveCfg = Debug|x64
		{CEA03B1E-0342-4FCF-9A93-BF4CC2E8B1FD}.Debug|x64.Build.0 = Debug|x64
		{CEA03B1E-0342-4FCF-9A93-BF4CC2E8B1FD}.Debug|x86.ActiveCfg = Debug|Win32
		{CEA03B1E-0342-4FCF-9A93-BF4CC2E8B1FD}.Debug|x86.Build.0 = Debug|Win32
		{CEA03B1E-0342-4FCF-9A93-BF4CC2E8B1FD}.Release|x64.ActiveCfg = Release|x64
		{CEA03B1E-0342-4FCF-9A93-BF4CC2E8B1FD}.Release|x64.Build.0 = Release|x64
		{CEA03B1E-0342-4FCF-9A93-BF4CC2E8B1FD}.Release|x86.ActiveCfg = Release|Win32
		{CEA03B1E-0342-4FCF-9A93-BF4CC2E8B1FD}.Release|x86.Build.0 = Release|Win32
		{C5438476-D3C8-4880-8129-915EB7FB79BF}.Debug|x64.ActiveCfg = Debug|x64
		{C5438476-D3C8-4880-8129-915EB7FB79BF}.Debug|x64.Build.0 = Debug|x64
		{C5438476-D3C8-4880-8129-915EB7FB79BF}.Debug|x86.ActiveCfg = Debug|Win32
		{C5438476-D3C8-4880-8129-915EB7FB79BF}.Debug|x86.Build.0 = Debug|Win32
		{C5438476-D3C8-4880-8129-915EB7FB79BF}.Release|x64.ActiveCfg = Release|x64
		{C5438476-D3C8-4880-8129-915EB7FB79BF}.Release|x64.Build.0 = Release|x64
		{C5438476-D3C8-4880-8129-915EB7FB79BF}.Release|x86.ActiveCfg = Release|Win32
		{C5438476-D3C8-4880-8129-915EB7FB79BF}.Release|x86.Build.0 = Release|Win32
		{84038064-429A-4D33-8F82-EFC0A6B4E989}.Debug|x64.ActiveCfg = Debug|x64
		{84038064-429A-4D33-8F82-EFC0A6B4E989}.Debug|x64.Build.0 = Debug|x64
		{84038064-429A-4D33-8F82-EFC0A6B4E989}.Debug|x86.ActiveCfg = Debug|Win32
		{84038064-429A-4D33-8F82-EFC0A6B4E989}.Debug|x86.Build.0 = Debug|Win32
		{84038064-429A-4D33-8F82-EFC0A6B4E989}.Release|x64.ActiveCfg = Release|x64
		{84038064-429A-4D33-8F82-EFC0A6B4E989}.Release|x64.Build.0 = Release|x64
		{84038064-429A-4D33-8F82-EFC0A6B4E989}.Release|x86.ActiveCfg = Release|Win32
		{84038064-429A-4D33-8F82-EFC0A6B4E989}.Release|x86.Build.0 = Release|Win32
		{D18EE24D-34F6-48ED-8A5B-26431370E588}.Debug|x64.ActiveCfg = Debug|x64
		{D18EE24D-34F6-48ED-8A5B-26431370E588}.Debug|x64.Build.0 = Debug|x64
		{D18EE24D-34F6-48ED-8A5B-26431370E588}.Debug|x86.ActiveCfg = Debug|Win32
		{D18EE24D-34F6-48ED-8A5B-26431370E588}.Debug|x86.Build.0 = Debug|Win32
		{D18EE24D-34F6-48ED-8A5B-26431370E588}.Release|x64.ActiveCfg = Release|x64
		{D18EE24D-34F6-48ED-8A5B-26431370E588}.Release|x64.Build.0 = Release|x64
		{D18EE24D-34F6-48ED-8A5B-26431370E588}.Release|x86.ActiveCfg = Release|Win32
		{D18EE24D-34F6-48ED-8A5B-26431370E588}.Release|x86.Build.0 = Release|Win32
		{74C9B836-D7CA-47D6-8B98-CBCE0ED71EF4}.Debug|x64.ActiveCfg = Debug|x64
		{74C9B836-D7CA-47D6-8B98-CBCE0ED71EF4}.Debug|x64.Build.0 = Debug|x64
		{74C9B836-D7CA-47D6-8B98-CBCE0ED71EF4}.Debug|x86.ActiveCfg = Debug|Win32
		{74C9B836-D7CA-47D6-8B98-CBCE0ED71EF4}.Debug|x86.Build.0 = Debug|Win32
		{74C9B836-D7CA-47D6-8B98-CBCE0ED71EF4}.Release|x64.ActiveCfg = Release|x64
		{74C9B836-D7CA-47D6-8B98-CBCE0ED71EF4}.Release|x64.Build.0 = Release|x64
		{74C9B836-D7CA-47D6-8B98-CBCE0ED71EF4}.Release|x86.ActiveCfg = Release|Win32
		{74C9B836-D7CA-47D6-8B98-CBCE0ED71EF4}.Release|x86.Build.0 = Release|Win32
	EndGlobalSection
	GlobalSection(SolutionProperties) = preSolution
		HideSolutionNode = FALSE
	EndGlobalSection
	GlobalSection(ExtensibilityGlobals) = postSolution
		SolutionGuid = {EFBA85BA-F354-41F3-B41A-030048B6F36A}
	EndGlobalSection
EndGlobal
